
Microsoft Visual Studio Solution File, Format Version 12.00
# Visual Studio 14
VisualStudioVersion = 14.0.25420.1
MinimumVisualStudioVersion = 10.0.40219.1
Project("{8BC9CEB8-8B4A-11D0-8D11-00A0C91BC942}") = "SwapNumber", "SwapNumber\SwapNumber.vcxproj", "{99E1D16E-8509-4B98-9338-898E0BAB1C6B}"
EndProject
Project("{8BC9CEB8-8B4A-11D0-8D11-00A0C91BC942}") = "OddorEven", "OddorEven\OddorEven.vcxproj", "{E3F12CCE-6D9B-487B-8796-4C19D6758375}"
EndProject
Project("{8BC9CEB8-8B4A-11D0-8D11-00A0C91BC942}") = "LeapYear", "LeapYear\LeapYear.vcxproj", "{B8AF6599-2885-416D-82EC-E1FC8B9849DF}"
EndProject
Project("{8BC9CEB8-8B4A-11D0-8D11-00A0C91BC942}") = "CheckAlphabet", "CheckAlphabet\CheckAlphabet.vcxproj", "{727D710F-4F60-4568-BC2A-AEDB1E3CDB94}"
EndProject
Project("{8BC9CEB8-8B4A-11D0-8D11-00A0C91BC942}") = "CheckVowelorConsonant", "CheckVowelorConsonant\CheckVowelorConsonant.vcxproj", "{72707447-6EA9-46AE-BFEE-0EBBC1CAAC68}"
EndProject
Project("{8BC9CEB8-8B4A-11D0-8D11-00A0C91BC942}") = "Fabonacci", "Fabonacci\Fabonacci.vcxproj", "{EB2544B9-4B6F-4E36-878F-208F27AA1272}"
EndProject
Project("{8BC9CEB8-8B4A-11D0-8D11-00A0C91BC942}") = "Factorial", "Factorial\Factorial.vcxproj", "{2585FBEB-3E47-44E1-BA88-233C1E621D1B}"
EndProject
Project("{8BC9CEB8-8B4A-11D0-8D11-00A0C91BC942}") = "GCD", "GCD\GCD.vcxproj", "{22ED4FC4-A695-4747-A51F-5282B21E3D6E}"
EndProject
Project("{8BC9CEB8-8B4A-11D0-8D11-00A0C91BC942}") = "LCM", "LCM\LCM.vcxproj", "{F4F054F4-F66C-41E9-9DF9-1E62C83B284B}"
EndProject
Project("{8BC9CEB8-8B4A-11D0-8D11-00A0C91BC942}") = "CheckPrimeNumber", "CheckPrimeNumber\CheckPrimeNumber.vcxproj", "{D49AC4B8-E341-4DED-9EE1-F02547286B14}"
EndProject
Project("{8BC9CEB8-8B4A-11D0-8D11-00A0C91BC942}") = "CheckArmstrongNumber", "CheckArmstrongNumber\CheckArmstrongNumber.vcxproj", "{715EADB1-5DC6-4F7F-9A80-C1AF4E6AFCFF}"
EndProject
Project("{8BC9CEB8-8B4A-11D0-8D11-00A0C91BC942}") = "ReverseNumber", "ReverseNumber\ReverseNumber.vcxproj", "{F262DDA0-17A1-4AE5-8F06-6B0E9DC5435F}"
EndProject
Project("{8BC9CEB8-8B4A-11D0-8D11-00A0C91BC942}") = "FactorOfNumber", "FactorOfNumber\FactorOfNumber.vcxproj", "{257F218C-08EE-4B63-9BDC-3BE699175C75}"
EndProject
Project("{8BC9CEB8-8B4A-11D0-8D11-00A0C91BC942}") = "Numberofdigit", "Numberofdigit\Numberofdigit.vcxproj", "{5C34BAAC-B4FF-4888-9144-1A08EB69397C}"
EndProject
Project("{8BC9CEB8-8B4A-11D0-8D11-00A0C91BC942}") = "CalculatePower", "CalculatePower\CalculatePower.vcxproj", "{A0D83F16-0838-4C7A-BB10-19A1B3476493}"
EndProject
Project("{8BC9CEB8-8B4A-11D0-8D11-00A0C91BC942}") = "GenerateMultiplicationTable", "GenerateMultiplicationTable\GenerateMultiplicationTable.vcxproj", "{1901F8B1-AF2E-4C1E-A65B-E006C607068D}"
EndProject
Project("{8BC9CEB8-8B4A-11D0-8D11-00A0C91BC942}") = "PalindromeNumber", "PalindromeNumber\PalindromeNumber.vcxproj", "{CFBE8D6C-A466-4A87-905A-3D17C5BF0D88}"
EndProject
Project("{8BC9CEB8-8B4A-11D0-8D11-00A0C91BC942}") = "Calculater", "Calculater\Calculater.vcxproj", "{9B0E9D8A-8553-4BDF-B407-BF9F8736E028}"
EndProject
Project("{8BC9CEB8-8B4A-11D0-8D11-00A0C91BC942}") = "Calculator1", "Calculator1\Calculator1.vcxproj", "{BEA704A8-9795-498D-91EB-6C37857859C9}"
EndProject
Project("{8BC9CEB8-8B4A-11D0-8D11-00A0C91BC942}") = "HelloWorld", "HelloWorld\HelloWorld.vcxproj", "{80C82213-ED80-4506-B32A-31825066EE74}"
EndProject
Project("{8BC9CEB8-8B4A-11D0-8D11-00A0C91BC942}") = "SwapNumberByPointer", "SwapNumberByPointer\SwapNumberByPointer.vcxproj", "{958D6113-9667-4B28-AC1D-11C1C3511FD8}"
EndProject
Project("{8BC9CEB8-8B4A-11D0-8D11-00A0C91BC942}") = "ArrayAsArgument", "ArrayAsArgument\ArrayAsArgument.vcxproj", "{A9DEB1AE-9348-497D-85A8-DDE2885805DE}"
EndProject
Project("{8BC9CEB8-8B4A-11D0-8D11-00A0C91BC942}") = "2DArrayAsArgument", "2DArrayAsArgument\2DArrayAsArgument.vcxproj", "{B656C77D-4753-4A49-AAC3-338BF409D917}"
EndProject
Project("{8BC9CEB8-8B4A-11D0-8D11-00A0C91BC942}") = "ArraySortingAscendingOrder", "ArraySortingAscendingOrder\ArraySortingAscendingOrder.vcxproj", "{42228B10-41C2-459D-B91C-EF89D7ADB5B7}"
EndProject
Project("{8BC9CEB8-8B4A-11D0-8D11-00A0C91BC942}") = "ArraySortingDescendingOrder", "ArraySortingDescendingOrder\ArraySortingDescendingOrder.vcxproj", "{B8217643-C21D-4859-9AD7-18CD195D543F}"
EndProject
Project("{8BC9CEB8-8B4A-11D0-8D11-00A0C91BC942}") = "ArrayFindBiggestNumber", "ArrayFindBiggestNumber\ArrayFindBiggestNumber.vcxproj", "{E2CCE04E-9B62-4839-A520-61F4C0D4E894}"
EndProject
Project("{8BC9CEB8-8B4A-11D0-8D11-00A0C91BC942}") = "ArraySumElement", "ArraySumElement\ArraySumElement.vcxproj", "{97D0C890-0EC6-4845-B13E-F84B5BFA7F47}"
EndProject
Project("{8BC9CEB8-8B4A-11D0-8D11-00A0C91BC942}") = "PatternTriangle", "PatternTriangle\PatternTriangle.vcxproj", "{99D2BAE7-DFA1-40EC-9A73-61E43C363DB3}"
EndProject
Project("{8BC9CEB8-8B4A-11D0-8D11-00A0C91BC942}") = "PatternTriangle2", "PatternTriangle2\PatternTriangle2.vcxproj", "{E21C69DD-05B3-4EAB-9A3D-887D28577152}"
EndProject
Project("{8BC9CEB8-8B4A-11D0-8D11-00A0C91BC942}") = "PatternInvertedTriangle", "PatternInvertedTriangle\PatternInvertedTriangle.vcxproj", "{5CC708DC-DD02-42CF-B95F-93D8016AC8D9}"
EndProject
Project("{8BC9CEB8-8B4A-11D0-8D11-00A0C91BC942}") = "PatternInvertedTriangle2", "PatternInvertedTriangle2\PatternInvertedTriangle2.vcxproj", "{4FFE1922-1CEF-4000-AC8B-922069F74A45}"
EndProject
Project("{8BC9CEB8-8B4A-11D0-8D11-00A0C91BC942}") = "PatternTriangle3", "PatternTriangle3\PatternTriangle3.vcxproj", "{67C7F7DD-44BA-4D0A-946F-FE3474670E89}"
EndProject
Project("{8BC9CEB8-8B4A-11D0-8D11-00A0C91BC942}") = "PatternHalfTriangle", "PatternHalfTriangle\PatternHalfTriangle.vcxproj", "{7E0543BF-7EB1-4849-8EF9-E41AE877A0C8}"
EndProject
Project("{8BC9CEB8-8B4A-11D0-8D11-00A0C91BC942}") = "PatternDiamond", "PatternDiamond\PatternDiamond.vcxproj", "{FDBF9A77-9CAE-4379-9BB7-C6419A97588B}"
EndProject
Project("{8BC9CEB8-8B4A-11D0-8D11-00A0C91BC942}") = "PatternDaimond2", "PatternDaimond2\PatternDaimond2.vcxproj", "{92F290A7-F8A0-4496-B240-9E36B526EE45}"
EndProject
Project("{8BC9CEB8-8B4A-11D0-8D11-00A0C91BC942}") = "ArrayConsoleInput", "ArrayConsoleInput\ArrayConsoleInput.vcxproj", "{5B549687-E3EC-47C1-B134-9B8EC508D087}"
EndProject
Project("{8BC9CEB8-8B4A-11D0-8D11-00A0C91BC942}") = "StringBasic", "StringBasic\StringBasic.vcxproj", "{21621ABB-0833-4B1C-87D6-3F1B156F2158}"
EndProject
Project("{8BC9CEB8-8B4A-11D0-8D11-00A0C91BC942}") = "StringMultiLineInput", "StringMultiLineInput\StringMultiLineInput.vcxproj", "{A9AC7E2B-EB2D-4C35-8904-F9EEB4359893}"
EndProject
Project("{8BC9CEB8-8B4A-11D0-8D11-00A0C91BC942}") = "StringLength", "StringLength\StringLength.vcxproj", "{E5BB7A0A-C892-464F-94BC-2507F54652A9}"
EndProject
Project("{8BC9CEB8-8B4A-11D0-8D11-00A0C91BC942}") = "StringManualCopy", "StringManualCopy\StringManualCopy.vcxproj", "{814B1C6A-3C76-4FD1-B58E-0C111CB18D75}"
EndProject
Project("{8BC9CEB8-8B4A-11D0-8D11-00A0C91BC942}") = "StringManualConcat", "StringManualConcat\StringManualConcat.vcxproj", "{4BAA9606-9B6D-4C50-A688-8901D0F68416}"
EndProject
Project("{8BC9CEB8-8B4A-11D0-8D11-00A0C91BC942}") = "Stringstrchr", "Stringstrchr\Stringstrchr.vcxproj", "{29F86678-B5F0-49DB-AD17-72E5DE3C6D02}"
EndProject
Project("{8BC9CEB8-8B4A-11D0-8D11-00A0C91BC942}") = "StringReverse", "StringReverse\StringReverse.vcxproj", "{4D745F3E-F45A-4DB8-88F3-B9E6A3040131}"
EndProject
Project("{8BC9CEB8-8B4A-11D0-8D11-00A0C91BC942}") = "StringUppercase", "StringUppercase\StringUppercase.vcxproj", "{AC4E2620-EE47-4908-88E7-64F1AFF73599}"
EndProject
Project("{8BC9CEB8-8B4A-11D0-8D11-00A0C91BC942}") = "StringLowercase", "StringLowercase\StringLowercase.vcxproj", "{E402A08D-4EFD-4642-832A-EC2B9E36F23E}"
EndProject
Project("{8BC9CEB8-8B4A-11D0-8D11-00A0C91BC942}") = "StringManualCompare", "StringManualCompare\StringManualCompare.vcxproj", "{3A22D5F5-2820-415D-8E75-5027D6F7E094}"
EndProject
Project("{8BC9CEB8-8B4A-11D0-8D11-00A0C91BC942}") = "String2DCharArray", "String2DCharArray\String2DCharArray.vcxproj", "{6D6D2A3F-441F-41F1-B37E-84EDC30D0C43}"
EndProject
Project("{8BC9CEB8-8B4A-11D0-8D11-00A0C91BC942}") = "String2DCharArray1", "String2DCharArray1\String2DCharArray1.vcxproj", "{D1D92EE0-AB0B-4688-A41E-EDED9E9346E2}"
EndProject
Project("{8BC9CEB8-8B4A-11D0-8D11-00A0C91BC942}") = "FileBaiscOperation", "FileBaiscOperation\FileBaiscOperation.vcxproj", "{A3A3E563-61FA-4FAF-8EBC-307956BB7441}"
EndProject
Global
	GlobalSection(SolutionConfigurationPlatforms) = preSolution
		Debug|x64 = Debug|x64
		Debug|x86 = Debug|x86
		Release|x64 = Release|x64
		Release|x86 = Release|x86
	EndGlobalSection
	GlobalSection(ProjectConfigurationPlatforms) = postSolution
		{99E1D16E-8509-4B98-9338-898E0BAB1C6B}.Debug|x64.ActiveCfg = Debug|x64
		{99E1D16E-8509-4B98-9338-898E0BAB1C6B}.Debug|x64.Build.0 = Debug|x64
		{99E1D16E-8509-4B98-9338-898E0BAB1C6B}.Debug|x86.ActiveCfg = Debug|Win32
		{99E1D16E-8509-4B98-9338-898E0BAB1C6B}.Debug|x86.Build.0 = Debug|Win32
		{99E1D16E-8509-4B98-9338-898E0BAB1C6B}.Release|x64.ActiveCfg = Release|x64
		{99E1D16E-8509-4B98-9338-898E0BAB1C6B}.Release|x64.Build.0 = Release|x64
		{99E1D16E-8509-4B98-9338-898E0BAB1C6B}.Release|x86.ActiveCfg = Release|Win32
		{99E1D16E-8509-4B98-9338-898E0BAB1C6B}.Release|x86.Build.0 = Release|Win32
		{E3F12CCE-6D9B-487B-8796-4C19D6758375}.Debug|x64.ActiveCfg = Debug|x64
		{E3F12CCE-6D9B-487B-8796-4C19D6758375}.Debug|x64.Build.0 = Debug|x64
		{E3F12CCE-6D9B-487B-8796-4C19D6758375}.Debug|x86.ActiveCfg = Debug|Win32
		{E3F12CCE-6D9B-487B-8796-4C19D6758375}.Debug|x86.Build.0 = Debug|Win32
		{E3F12CCE-6D9B-487B-8796-4C19D6758375}.Release|x64.ActiveCfg = Release|x64
		{E3F12CCE-6D9B-487B-8796-4C19D6758375}.Release|x64.Build.0 = Release|x64
		{E3F12CCE-6D9B-487B-8796-4C19D6758375}.Release|x86.ActiveCfg = Release|Win32
		{E3F12CCE-6D9B-487B-8796-4C19D6758375}.Release|x86.Build.0 = Release|Win32
		{B8AF6599-2885-416D-82EC-E1FC8B9849DF}.Debug|x64.ActiveCfg = Debug|x64
		{B8AF6599-2885-416D-82EC-E1FC8B9849DF}.Debug|x64.Build.0 = Debug|x64
		{B8AF6599-2885-416D-82EC-E1FC8B9849DF}.Debug|x86.ActiveCfg = Debug|Win32
		{B8AF6599-2885-416D-82EC-E1FC8B9849DF}.Debug|x86.Build.0 = Debug|Win32
		{B8AF6599-2885-416D-82EC-E1FC8B9849DF}.Release|x64.ActiveCfg = Release|x64
		{B8AF6599-2885-416D-82EC-E1FC8B9849DF}.Release|x64.Build.0 = Release|x64
		{B8AF6599-2885-416D-82EC-E1FC8B9849DF}.Release|x86.ActiveCfg = Release|Win32
		{B8AF6599-2885-416D-82EC-E1FC8B9849DF}.Release|x86.Build.0 = Release|Win32
		{727D710F-4F60-4568-BC2A-AEDB1E3CDB94}.Debug|x64.ActiveCfg = Debug|x64
		{727D710F-4F60-4568-BC2A-AEDB1E3CDB94}.Debug|x64.Build.0 = Debug|x64
		{727D710F-4F60-4568-BC2A-AEDB1E3CDB94}.Debug|x86.ActiveCfg = Debug|Win32
		{727D710F-4F60-4568-BC2A-AEDB1E3CDB94}.Debug|x86.Build.0 = Debug|Win32
		{727D710F-4F60-4568-BC2A-AEDB1E3CDB94}.Release|x64.ActiveCfg = Release|x64
		{727D710F-4F60-4568-BC2A-AEDB1E3CDB94}.Release|x64.Build.0 = Release|x64
		{727D710F-4F60-4568-BC2A-AEDB1E3CDB94}.Release|x86.ActiveCfg = Release|Win32
		{727D710F-4F60-4568-BC2A-AEDB1E3CDB94}.Release|x86.Build.0 = Release|Win32
		{72707447-6EA9-46AE-BFEE-0EBBC1CAAC68}.Debug|x64.ActiveCfg = Debug|x64
		{72707447-6EA9-46AE-BFEE-0EBBC1CAAC68}.Debug|x64.Build.0 = Debug|x64
		{72707447-6EA9-46AE-BFEE-0EBBC1CAAC68}.Debug|x86.ActiveCfg = Debug|Win32
		{72707447-6EA9-46AE-BFEE-0EBBC1CAAC68}.Debug|x86.Build.0 = Debug|Win32
		{72707447-6EA9-46AE-BFEE-0EBBC1CAAC68}.Release|x64.ActiveCfg = Release|x64
		{72707447-6EA9-46AE-BFEE-0EBBC1CAAC68}.Release|x64.Build.0 = Release|x64
		{72707447-6EA9-46AE-BFEE-0EBBC1CAAC68}.Release|x86.ActiveCfg = Release|Win32
		{72707447-6EA9-46AE-BFEE-0EBBC1CAAC68}.Release|x86.Build.0 = Release|Win32
		{EB2544B9-4B6F-4E36-878F-208F27AA1272}.Debug|x64.ActiveCfg = Debug|x64
		{EB2544B9-4B6F-4E36-878F-208F27AA1272}.Debug|x64.Build.0 = Debug|x64
		{EB2544B9-4B6F-4E36-878F-208F27AA1272}.Debug|x86.ActiveCfg = Debug|Win32
		{EB2544B9-4B6F-4E36-878F-208F27AA1272}.Debug|x86.Build.0 = Debug|Win32
		{EB2544B9-4B6F-4E36-878F-208F27AA1272}.Release|x64.ActiveCfg = Release|x64
		{EB2544B9-4B6F-4E36-878F-208F27AA1272}.Release|x64.Build.0 = Release|x64
		{EB2544B9-4B6F-4E36-878F-208F27AA1272}.Release|x86.ActiveCfg = Release|Win32
		{EB2544B9-4B6F-4E36-878F-208F27AA1272}.Release|x86.Build.0 = Release|Win32
		{2585FBEB-3E47-44E1-BA88-233C1E621D1B}.Debug|x64.ActiveCfg = Debug|x64
		{2585FBEB-3E47-44E1-BA88-233C1E621D1B}.Debug|x64.Build.0 = Debug|x64
		{2585FBEB-3E47-44E1-BA88-233C1E621D1B}.Debug|x86.ActiveCfg = Debug|Win32
		{2585FBEB-3E47-44E1-BA88-233C1E621D1B}.Debug|x86.Build.0 = Debug|Win32
		{2585FBEB-3E47-44E1-BA88-233C1E621D1B}.Release|x64.ActiveCfg = Release|x64
		{2585FBEB-3E47-44E1-BA88-233C1E621D1B}.Release|x64.Build.0 = Release|x64
		{2585FBEB-3E47-44E1-BA88-233C1E621D1B}.Release|x86.ActiveCfg = Release|Win32
		{2585FBEB-3E47-44E1-BA88-233C1E621D1B}.Release|x86.Build.0 = Release|Win32
		{22ED4FC4-A695-4747-A51F-5282B21E3D6E}.Debug|x64.ActiveCfg = Debug|x64
		{22ED4FC4-A695-4747-A51F-5282B21E3D6E}.Debug|x64.Build.0 = Debug|x64
		{22ED4FC4-A695-4747-A51F-5282B21E3D6E}.Debug|x86.ActiveCfg = Debug|Win32
		{22ED4FC4-A695-4747-A51F-5282B21E3D6E}.Debug|x86.Build.0 = Debug|Win32
		{22ED4FC4-A695-4747-A51F-5282B21E3D6E}.Release|x64.ActiveCfg = Release|x64
		{22ED4FC4-A695-4747-A51F-5282B21E3D6E}.Release|x64.Build.0 = Release|x64
		{22ED4FC4-A695-4747-A51F-5282B21E3D6E}.Release|x86.ActiveCfg = Release|Win32
		{22ED4FC4-A695-4747-A51F-5282B21E3D6E}.Release|x86.Build.0 = Release|Win32
		{F4F054F4-F66C-41E9-9DF9-1E62C83B284B}.Debug|x64.ActiveCfg = Debug|x64
		{F4F054F4-F66C-41E9-9DF9-1E62C83B284B}.Debug|x64.Build.0 = Debug|x64
		{F4F054F4-F66C-41E9-9DF9-1E62C83B284B}.Debug|x86.ActiveCfg = Debug|Win32
		{F4F054F4-F66C-41E9-9DF9-1E62C83B284B}.Debug|x86.Build.0 = Debug|Win32
		{F4F054F4-F66C-41E9-9DF9-1E62C83B284B}.Release|x64.ActiveCfg = Release|x64
		{F4F054F4-F66C-41E9-9DF9-1E62C83B284B}.Release|x64.Build.0 = Release|x64
		{F4F054F4-F66C-41E9-9DF9-1E62C83B284B}.Release|x86.ActiveCfg = Release|Win32
		{F4F054F4-F66C-41E9-9DF9-1E62C83B284B}.Release|x86.Build.0 = Release|Win32
		{D49AC4B8-E341-4DED-9EE1-F02547286B14}.Debug|x64.ActiveCfg = Debug|x64
		{D49AC4B8-E341-4DED-9EE1-F02547286B14}.Debug|x64.Build.0 = Debug|x64
		{D49AC4B8-E341-4DED-9EE1-F02547286B14}.Debug|x86.ActiveCfg = Debug|Win32
		{D49AC4B8-E341-4DED-9EE1-F02547286B14}.Debug|x86.Build.0 = Debug|Win32
		{D49AC4B8-E341-4DED-9EE1-F02547286B14}.Release|x64.ActiveCfg = Release|x64
		{D49AC4B8-E341-4DED-9EE1-F02547286B14}.Release|x64.Build.0 = Release|x64
		{D49AC4B8-E341-4DED-9EE1-F02547286B14}.Release|x86.ActiveCfg = Release|Win32
		{D49AC4B8-E341-4DED-9EE1-F02547286B14}.Release|x86.Build.0 = Release|Win32
		{715EADB1-5DC6-4F7F-9A80-C1AF4E6AFCFF}.Debug|x64.ActiveCfg = Debug|x64
		{715EADB1-5DC6-4F7F-9A80-C1AF4E6AFCFF}.Debug|x64.Build.0 = Debug|x64
		{715EADB1-5DC6-4F7F-9A80-C1AF4E6AFCFF}.Debug|x86.ActiveCfg = Debug|Win32
		{715EADB1-5DC6-4F7F-9A80-C1AF4E6AFCFF}.Debug|x86.Build.0 = Debug|Win32
		{715EADB1-5DC6-4F7F-9A80-C1AF4E6AFCFF}.Release|x64.ActiveCfg = Release|x64
		{715EADB1-5DC6-4F7F-9A80-C1AF4E6AFCFF}.Release|x64.Build.0 = Release|x64
		{715EADB1-5DC6-4F7F-9A80-C1AF4E6AFCFF}.Release|x86.ActiveCfg = Release|Win32
		{715EADB1-5DC6-4F7F-9A80-C1AF4E6AFCFF}.Release|x86.Build.0 = Release|Win32
		{F262DDA0-17A1-4AE5-8F06-6B0E9DC5435F}.Debug|x64.ActiveCfg = Debug|x64
		{F262DDA0-17A1-4AE5-8F06-6B0E9DC5435F}.Debug|x64.Build.0 = Debug|x64
		{F262DDA0-17A1-4AE5-8F06-6B0E9DC5435F}.Debug|x86.ActiveCfg = Debug|Win32
		{F262DDA0-17A1-4AE5-8F06-6B0E9DC5435F}.Debug|x86.Build.0 = Debug|Win32
		{F262DDA0-17A1-4AE5-8F06-6B0E9DC5435F}.Release|x64.ActiveCfg = Release|x64
		{F262DDA0-17A1-4AE5-8F06-6B0E9DC5435F}.Release|x64.Build.0 = Release|x64
		{F262DDA0-17A1-4AE5-8F06-6B0E9DC5435F}.Release|x86.ActiveCfg = Release|Win32
		{F262DDA0-17A1-4AE5-8F06-6B0E9DC5435F}.Release|x86.Build.0 = Release|Win32
		{257F218C-08EE-4B63-9BDC-3BE699175C75}.Debug|x64.ActiveCfg = Debug|x64
		{257F218C-08EE-4B63-9BDC-3BE699175C75}.Debug|x64.Build.0 = Debug|x64
		{257F218C-08EE-4B63-9BDC-3BE699175C75}.Debug|x86.ActiveCfg = Debug|Win32
		{257F218C-08EE-4B63-9BDC-3BE699175C75}.Debug|x86.Build.0 = Debug|Win32
		{257F218C-08EE-4B63-9BDC-3BE699175C75}.Release|x64.ActiveCfg = Release|x64
		{257F218C-08EE-4B63-9BDC-3BE699175C75}.Release|x64.Build.0 = Release|x64
		{257F218C-08EE-4B63-9BDC-3BE699175C75}.Release|x86.ActiveCfg = Release|Win32
		{257F218C-08EE-4B63-9BDC-3BE699175C75}.Release|x86.Build.0 = Release|Win32
		{5C34BAAC-B4FF-4888-9144-1A08EB69397C}.Debug|x64.ActiveCfg = Debug|x64
		{5C34BAAC-B4FF-4888-9144-1A08EB69397C}.Debug|x64.Build.0 = Debug|x64
		{5C34BAAC-B4FF-4888-9144-1A08EB69397C}.Debug|x86.ActiveCfg = Debug|Win32
		{5C34BAAC-B4FF-4888-9144-1A08EB69397C}.Debug|x86.Build.0 = Debug|Win32
		{5C34BAAC-B4FF-4888-9144-1A08EB69397C}.Release|x64.ActiveCfg = Release|x64
		{5C34BAAC-B4FF-4888-9144-1A08EB69397C}.Release|x64.Build.0 = Release|x64
		{5C34BAAC-B4FF-4888-9144-1A08EB69397C}.Release|x86.ActiveCfg = Release|Win32
		{5C34BAAC-B4FF-4888-9144-1A08EB69397C}.Release|x86.Build.0 = Release|Win32
		{A0D83F16-0838-4C7A-BB10-19A1B3476493}.Debug|x64.ActiveCfg = Debug|x64
		{A0D83F16-0838-4C7A-BB10-19A1B3476493}.Debug|x64.Build.0 = Debug|x64
		{A0D83F16-0838-4C7A-BB10-19A1B3476493}.Debug|x86.ActiveCfg = Debug|Win32
		{A0D83F16-0838-4C7A-BB10-19A1B3476493}.Debug|x86.Build.0 = Debug|Win32
		{A0D83F16-0838-4C7A-BB10-19A1B3476493}.Release|x64.ActiveCfg = Release|x64
		{A0D83F16-0838-4C7A-BB10-19A1B3476493}.Release|x64.Build.0 = Release|x64
		{A0D83F16-0838-4C7A-BB10-19A1B3476493}.Release|x86.ActiveCfg = Release|Win32
		{A0D83F16-0838-4C7A-BB10-19A1B3476493}.Release|x86.Build.0 = Release|Win32
		{1901F8B1-AF2E-4C1E-A65B-E006C607068D}.Debug|x64.ActiveCfg = Debug|x64
		{1901F8B1-AF2E-4C1E-A65B-E006C607068D}.Debug|x64.Build.0 = Debug|x64
		{1901F8B1-AF2E-4C1E-A65B-E006C607068D}.Debug|x86.ActiveCfg = Debug|Win32
		{1901F8B1-AF2E-4C1E-A65B-E006C607068D}.Debug|x86.Build.0 = Debug|Win32
		{1901F8B1-AF2E-4C1E-A65B-E006C607068D}.Release|x64.ActiveCfg = Release|x64
		{1901F8B1-AF2E-4C1E-A65B-E006C607068D}.Release|x64.Build.0 = Release|x64
		{1901F8B1-AF2E-4C1E-A65B-E006C607068D}.Release|x86.ActiveCfg = Release|Win32
		{1901F8B1-AF2E-4C1E-A65B-E006C607068D}.Release|x86.Build.0 = Release|Win32
		{CFBE8D6C-A466-4A87-905A-3D17C5BF0D88}.Debug|x64.ActiveCfg = Debug|x64
		{CFBE8D6C-A466-4A87-905A-3D17C5BF0D88}.Debug|x64.Build.0 = Debug|x64
		{CFBE8D6C-A466-4A87-905A-3D17C5BF0D88}.Debug|x86.ActiveCfg = Debug|Win32
		{CFBE8D6C-A466-4A87-905A-3D17C5BF0D88}.Debug|x86.Build.0 = Debug|Win32
		{CFBE8D6C-A466-4A87-905A-3D17C5BF0D88}.Release|x64.ActiveCfg = Release|x64
		{CFBE8D6C-A466-4A87-905A-3D17C5BF0D88}.Release|x64.Build.0 = Release|x64
		{CFBE8D6C-A466-4A87-905A-3D17C5BF0D88}.Release|x86.ActiveCfg = Release|Win32
		{CFBE8D6C-A466-4A87-905A-3D17C5BF0D88}.Release|x86.Build.0 = Release|Win32
		{9B0E9D8A-8553-4BDF-B407-BF9F8736E028}.Debug|x64.ActiveCfg = Debug|x64
		{9B0E9D8A-8553-4BDF-B407-BF9F8736E028}.Debug|x64.Build.0 = Debug|x64
		{9B0E9D8A-8553-4BDF-B407-BF9F8736E028}.Debug|x86.ActiveCfg = Debug|Win32
		{9B0E9D8A-8553-4BDF-B407-BF9F8736E028}.Debug|x86.Build.0 = Debug|Win32
		{9B0E9D8A-8553-4BDF-B407-BF9F8736E028}.Release|x64.ActiveCfg = Release|x64
		{9B0E9D8A-8553-4BDF-B407-BF9F8736E028}.Release|x64.Build.0 = Release|x64
		{9B0E9D8A-8553-4BDF-B407-BF9F8736E028}.Release|x86.ActiveCfg = Release|Win32
		{9B0E9D8A-8553-4BDF-B407-BF9F8736E028}.Release|x86.Build.0 = Release|Win32
		{BEA704A8-9795-498D-91EB-6C37857859C9}.Debug|x64.ActiveCfg = Debug|x64
		{BEA704A8-9795-498D-91EB-6C37857859C9}.Debug|x64.Build.0 = Debug|x64
		{BEA704A8-9795-498D-91EB-6C37857859C9}.Debug|x86.ActiveCfg = Debug|Win32
		{BEA704A8-9795-498D-91EB-6C37857859C9}.Debug|x86.Build.0 = Debug|Win32
		{BEA704A8-9795-498D-91EB-6C37857859C9}.Release|x64.ActiveCfg = Release|x64
		{BEA704A8-9795-498D-91EB-6C37857859C9}.Release|x64.Build.0 = Release|x64
		{BEA704A8-9795-498D-91EB-6C37857859C9}.Release|x86.ActiveCfg = Release|Win32
		{BEA704A8-9795-498D-91EB-6C37857859C9}.Release|x86.Build.0 = Release|Win32
		{80C82213-ED80-4506-B32A-31825066EE74}.Debug|x64.ActiveCfg = Debug|x64
		{80C82213-ED80-4506-B32A-31825066EE74}.Debug|x64.Build.0 = Debug|x64
		{80C82213-ED80-4506-B32A-31825066EE74}.Debug|x86.ActiveCfg = Debug|Win32
		{80C82213-ED80-4506-B32A-31825066EE74}.Debug|x86.Build.0 = Debug|Win32
		{80C82213-ED80-4506-B32A-31825066EE74}.Release|x64.ActiveCfg = Release|x64
		{80C82213-ED80-4506-B32A-31825066EE74}.Release|x64.Build.0 = Release|x64
		{80C82213-ED80-4506-B32A-31825066EE74}.Release|x86.ActiveCfg = Release|Win32
		{80C82213-ED80-4506-B32A-31825066EE74}.Release|x86.Build.0 = Release|Win32
		{958D6113-9667-4B28-AC1D-11C1C3511FD8}.Debug|x64.ActiveCfg = Debug|x64
		{958D6113-9667-4B28-AC1D-11C1C3511FD8}.Debug|x64.Build.0 = Debug|x64
		{958D6113-9667-4B28-AC1D-11C1C3511FD8}.Debug|x86.ActiveCfg = Debug|Win32
		{958D6113-9667-4B28-AC1D-11C1C3511FD8}.Debug|x86.Build.0 = Debug|Win32
		{958D6113-9667-4B28-AC1D-11C1C3511FD8}.Release|x64.ActiveCfg = Release|x64
		{958D6113-9667-4B28-AC1D-11C1C3511FD8}.Release|x64.Build.0 = Release|x64
		{958D6113-9667-4B28-AC1D-11C1C3511FD8}.Release|x86.ActiveCfg = Release|Win32
		{958D6113-9667-4B28-AC1D-11C1C3511FD8}.Release|x86.Build.0 = Release|Win32
		{A9DEB1AE-9348-497D-85A8-DDE2885805DE}.Debug|x64.ActiveCfg = Debug|x64
		{A9DEB1AE-9348-497D-85A8-DDE2885805DE}.Debug|x64.Build.0 = Debug|x64
		{A9DEB1AE-9348-497D-85A8-DDE2885805DE}.Debug|x86.ActiveCfg = Debug|Win32
		{A9DEB1AE-9348-497D-85A8-DDE2885805DE}.Debug|x86.Build.0 = Debug|Win32
		{A9DEB1AE-9348-497D-85A8-DDE2885805DE}.Release|x64.ActiveCfg = Release|x64
		{A9DEB1AE-9348-497D-85A8-DDE2885805DE}.Release|x64.Build.0 = Release|x64
		{A9DEB1AE-9348-497D-85A8-DDE2885805DE}.Release|x86.ActiveCfg = Release|Win32
		{A9DEB1AE-9348-497D-85A8-DDE2885805DE}.Release|x86.Build.0 = Release|Win32
		{B656C77D-4753-4A49-AAC3-338BF409D917}.Debug|x64.ActiveCfg = Debug|x64
		{B656C77D-4753-4A49-AAC3-338BF409D917}.Debug|x64.Build.0 = Debug|x64
		{B656C77D-4753-4A49-AAC3-338BF409D917}.Debug|x86.ActiveCfg = Debug|Win32
		{B656C77D-4753-4A49-AAC3-338BF409D917}.Debug|x86.Build.0 = Debug|Win32
		{B656C77D-4753-4A49-AAC3-338BF409D917}.Release|x64.ActiveCfg = Release|x64
		{B656C77D-4753-4A49-AAC3-338BF409D917}.Release|x64.Build.0 = Release|x64
		{B656C77D-4753-4A49-AAC3-338BF409D917}.Release|x86.ActiveCfg = Release|Win32
		{B656C77D-4753-4A49-AAC3-338BF409D917}.Release|x86.Build.0 = Release|Win32
		{42228B10-41C2-459D-B91C-EF89D7ADB5B7}.Debug|x64.ActiveCfg = Debug|x64
		{42228B10-41C2-459D-B91C-EF89D7ADB5B7}.Debug|x64.Build.0 = Debug|x64
		{42228B10-41C2-459D-B91C-EF89D7ADB5B7}.Debug|x86.ActiveCfg = Debug|Win32
		{42228B10-41C2-459D-B91C-EF89D7ADB5B7}.Debug|x86.Build.0 = Debug|Win32
		{42228B10-41C2-459D-B91C-EF89D7ADB5B7}.Release|x64.ActiveCfg = Release|x64
		{42228B10-41C2-459D-B91C-EF89D7ADB5B7}.Release|x64.Build.0 = Release|x64
		{42228B10-41C2-459D-B91C-EF89D7ADB5B7}.Release|x86.ActiveCfg = Release|Win32
		{42228B10-41C2-459D-B91C-EF89D7ADB5B7}.Release|x86.Build.0 = Release|Win32
		{B8217643-C21D-4859-9AD7-18CD195D543F}.Debug|x64.ActiveCfg = Debug|x64
		{B8217643-C21D-4859-9AD7-18CD195D543F}.Debug|x64.Build.0 = Debug|x64
		{B8217643-C21D-4859-9AD7-18CD195D543F}.Debug|x86.ActiveCfg = Debug|Win32
		{B8217643-C21D-4859-9AD7-18CD195D543F}.Debug|x86.Build.0 = Debug|Win32
		{B8217643-C21D-4859-9AD7-18CD195D543F}.Release|x64.ActiveCfg = Release|x64
		{B8217643-C21D-4859-9AD7-18CD195D543F}.Release|x64.Build.0 = Release|x64
		{B8217643-C21D-4859-9AD7-18CD195D543F}.Release|x86.ActiveCfg = Release|Win32
		{B8217643-C21D-4859-9AD7-18CD195D543F}.Release|x86.Build.0 = Release|Win32
		{E2CCE04E-9B62-4839-A520-61F4C0D4E894}.Debug|x64.ActiveCfg = Debug|x64
		{E2CCE04E-9B62-4839-A520-61F4C0D4E894}.Debug|x64.Build.0 = Debug|x64
		{E2CCE04E-9B62-4839-A520-61F4C0D4E894}.Debug|x86.ActiveCfg = Debug|Win32
		{E2CCE04E-9B62-4839-A520-61F4C0D4E894}.Debug|x86.Build.0 = Debug|Win32
		{E2CCE04E-9B62-4839-A520-61F4C0D4E894}.Release|x64.ActiveCfg = Release|x64
		{E2CCE04E-9B62-4839-A520-61F4C0D4E894}.Release|x64.Build.0 = Release|x64
		{E2CCE04E-9B62-4839-A520-61F4C0D4E894}.Release|x86.ActiveCfg = Release|Win32
		{E2CCE04E-9B62-4839-A520-61F4C0D4E894}.Release|x86.Build.0 = Release|Win32
		{97D0C890-0EC6-4845-B13E-F84B5BFA7F47}.Debug|x64.ActiveCfg = Debug|x64
		{97D0C890-0EC6-4845-B13E-F84B5BFA7F47}.Debug|x64.Build.0 = Debug|x64
		{97D0C890-0EC6-4845-B13E-F84B5BFA7F47}.Debug|x86.ActiveCfg = Debug|Win32
		{97D0C890-0EC6-4845-B13E-F84B5BFA7F47}.Debug|x86.Build.0 = Debug|Win32
		{97D0C890-0EC6-4845-B13E-F84B5BFA7F47}.Release|x64.ActiveCfg = Release|x64
		{97D0C890-0EC6-4845-B13E-F84B5BFA7F47}.Release|x64.Build.0 = Release|x64
		{97D0C890-0EC6-4845-B13E-F84B5BFA7F47}.Release|x86.ActiveCfg = Release|Win32
		{97D0C890-0EC6-4845-B13E-F84B5BFA7F47}.Release|x86.Build.0 = Release|Win32
		{99D2BAE7-DFA1-40EC-9A73-61E43C363DB3}.Debug|x64.ActiveCfg = Debug|x64
		{99D2BAE7-DFA1-40EC-9A73-61E43C363DB3}.Debug|x64.Build.0 = Debug|x64
		{99D2BAE7-DFA1-40EC-9A73-61E43C363DB3}.Debug|x86.ActiveCfg = Debug|Win32
		{99D2BAE7-DFA1-40EC-9A73-61E43C363DB3}.Debug|x86.Build.0 = Debug|Win32
		{99D2BAE7-DFA1-40EC-9A73-61E43C363DB3}.Release|x64.ActiveCfg = Release|x64
		{99D2BAE7-DFA1-40EC-9A73-61E43C363DB3}.Release|x64.Build.0 = Release|x64
		{99D2BAE7-DFA1-40EC-9A73-61E43C363DB3}.Release|x86.ActiveCfg = Release|Win32
		{99D2BAE7-DFA1-40EC-9A73-61E43C363DB3}.Release|x86.Build.0 = Release|Win32
		{E21C69DD-05B3-4EAB-9A3D-887D28577152}.Debug|x64.ActiveCfg = Debug|x64
		{E21C69DD-05B3-4EAB-9A3D-887D28577152}.Debug|x64.Build.0 = Debug|x64
		{E21C69DD-05B3-4EAB-9A3D-887D28577152}.Debug|x86.ActiveCfg = Debug|Win32
		{E21C69DD-05B3-4EAB-9A3D-887D28577152}.Debug|x86.Build.0 = Debug|Win32
		{E21C69DD-05B3-4EAB-9A3D-887D28577152}.Release|x64.ActiveCfg = Release|x64
		{E21C69DD-05B3-4EAB-9A3D-887D28577152}.Release|x64.Build.0 = Release|x64
		{E21C69DD-05B3-4EAB-9A3D-887D28577152}.Release|x86.ActiveCfg = Release|Win32
		{E21C69DD-05B3-4EAB-9A3D-887D28577152}.Release|x86.Build.0 = Release|Win32
		{5CC708DC-DD02-42CF-B95F-93D8016AC8D9}.Debug|x64.ActiveCfg = Debug|x64
		{5CC708DC-DD02-42CF-B95F-93D8016AC8D9}.Debug|x64.Build.0 = Debug|x64
		{5CC708DC-DD02-42CF-B95F-93D8016AC8D9}.Debug|x86.ActiveCfg = Debug|Win32
		{5CC708DC-DD02-42CF-B95F-93D8016AC8D9}.Debug|x86.Build.0 = Debug|Win32
		{5CC708DC-DD02-42CF-B95F-93D8016AC8D9}.Release|x64.ActiveCfg = Release|x64
		{5CC708DC-DD02-42CF-B95F-93D8016AC8D9}.Release|x64.Build.0 = Release|x64
		{5CC708DC-DD02-42CF-B95F-93D8016AC8D9}.Release|x86.ActiveCfg = Release|Win32
		{5CC708DC-DD02-42CF-B95F-93D8016AC8D9}.Release|x86.Build.0 = Release|Win32
		{4FFE1922-1CEF-4000-AC8B-922069F74A45}.Debug|x64.ActiveCfg = Debug|x64
		{4FFE1922-1CEF-4000-AC8B-922069F74A45}.Debug|x64.Build.0 = Debug|x64
		{4FFE1922-1CEF-4000-AC8B-922069F74A45}.Debug|x86.ActiveCfg = Debug|Win32
		{4FFE1922-1CEF-4000-AC8B-922069F74A45}.Debug|x86.Build.0 = Debug|Win32
		{4FFE1922-1CEF-4000-AC8B-922069F74A45}.Release|x64.ActiveCfg = Release|x64
		{4FFE1922-1CEF-4000-AC8B-922069F74A45}.Release|x64.Build.0 = Release|x64
		{4FFE1922-1CEF-4000-AC8B-922069F74A45}.Release|x86.ActiveCfg = Release|Win32
		{4FFE1922-1CEF-4000-AC8B-922069F74A45}.Release|x86.Build.0 = Release|Win32
		{67C7F7DD-44BA-4D0A-946F-FE3474670E89}.Debug|x64.ActiveCfg = Debug|x64
		{67C7F7DD-44BA-4D0A-946F-FE3474670E89}.Debug|x64.Build.0 = Debug|x64
		{67C7F7DD-44BA-4D0A-946F-FE3474670E89}.Debug|x86.ActiveCfg = Debug|Win32
		{67C7F7DD-44BA-4D0A-946F-FE3474670E89}.Debug|x86.Build.0 = Debug|Win32
		{67C7F7DD-44BA-4D0A-946F-FE3474670E89}.Release|x64.ActiveCfg = Release|x64
		{67C7F7DD-44BA-4D0A-946F-FE3474670E89}.Release|x64.Build.0 = Release|x64
		{67C7F7DD-44BA-4D0A-946F-FE3474670E89}.Release|x86.ActiveCfg = Release|Win32
		{67C7F7DD-44BA-4D0A-946F-FE3474670E89}.Release|x86.Build.0 = Release|Win32
		{7E0543BF-7EB1-4849-8EF9-E41AE877A0C8}.Debug|x64.ActiveCfg = Debug|x64
		{7E0543BF-7EB1-4849-8EF9-E41AE877A0C8}.Debug|x64.Build.0 = Debug|x64
		{7E0543BF-7EB1-4849-8EF9-E41AE877A0C8}.Debug|x86.ActiveCfg = Debug|Win32
		{7E0543BF-7EB1-4849-8EF9-E41AE877A0C8}.Debug|x86.Build.0 = Debug|Win32
		{7E0543BF-7EB1-4849-8EF9-E41AE877A0C8}.Release|x64.ActiveCfg = Release|x64
		{7E0543BF-7EB1-4849-8EF9-E41AE877A0C8}.Release|x64.Build.0 = Release|x64
		{7E0543BF-7EB1-4849-8EF9-E41AE877A0C8}.Release|x86.ActiveCfg = Release|Win32
		{7E0543BF-7EB1-4849-8EF9-E41AE877A0C8}.Release|x86.Build.0 = Release|Win32
		{FDBF9A77-9CAE-4379-9BB7-C6419A97588B}.Debug|x64.ActiveCfg = Debug|x64
		{FDBF9A77-9CAE-4379-9BB7-C6419A97588B}.Debug|x64.Build.0 = Debug|x64
		{FDBF9A77-9CAE-4379-9BB7-C6419A97588B}.Debug|x86.ActiveCfg = Debug|Win32
		{FDBF9A77-9CAE-4379-9BB7-C6419A97588B}.Debug|x86.Build.0 = Debug|Win32
		{FDBF9A77-9CAE-4379-9BB7-C6419A97588B}.Release|x64.ActiveCfg = Release|x64
		{FDBF9A77-9CAE-4379-9BB7-C6419A97588B}.Release|x64.Build.0 = Release|x64
		{FDBF9A77-9CAE-4379-9BB7-C6419A97588B}.Release|x86.ActiveCfg = Release|Win32
		{FDBF9A77-9CAE-4379-9BB7-C6419A97588B}.Release|x86.Build.0 = Release|Win32
		{92F290A7-F8A0-4496-B240-9E36B526EE45}.Debug|x64.ActiveCfg = Debug|x64
		{92F290A7-F8A0-4496-B240-9E36B526EE45}.Debug|x64.Build.0 = Debug|x64
		{92F290A7-F8A0-4496-B240-9E36B526EE45}.Debug|x86.ActiveCfg = Debug|Win32
		{92F290A7-F8A0-4496-B240-9E36B526EE45}.Debug|x86.Build.0 = Debug|Win32
		{92F290A7-F8A0-4496-B240-9E36B526EE45}.Release|x64.ActiveCfg = Release|x64
		{92F290A7-F8A0-4496-B240-9E36B526EE45}.Release|x64.Build.0 = Release|x64
		{92F290A7-F8A0-4496-B240-9E36B526EE45}.Release|x86.ActiveCfg = Release|Win32
		{92F290A7-F8A0-4496-B240-9E36B526EE45}.Release|x86.Build.0 = Release|Win32
		{5B549687-E3EC-47C1-B134-9B8EC508D087}.Debug|x64.ActiveCfg = Debug|x64
		{5B549687-E3EC-47C1-B134-9B8EC508D087}.Debug|x64.Build.0 = Debug|x64
		{5B549687-E3EC-47C1-B134-9B8EC508D087}.Debug|x86.ActiveCfg = Debug|Win32
		{5B549687-E3EC-47C1-B134-9B8EC508D087}.Debug|x86.Build.0 = Debug|Win32
		{5B549687-E3EC-47C1-B134-9B8EC508D087}.Release|x64.ActiveCfg = Release|x64
		{5B549687-E3EC-47C1-B134-9B8EC508D087}.Release|x64.Build.0 = Release|x64
		{5B549687-E3EC-47C1-B134-9B8EC508D087}.Release|x86.ActiveCfg = Release|Win32
		{5B549687-E3EC-47C1-B134-9B8EC508D087}.Release|x86.Build.0 = Release|Win32
		{21621ABB-0833-4B1C-87D6-3F1B156F2158}.Debug|x64.ActiveCfg = Debug|x64
		{21621ABB-0833-4B1C-87D6-3F1B156F2158}.Debug|x64.Build.0 = Debug|x64
		{21621ABB-0833-4B1C-87D6-3F1B156F2158}.Debug|x86.ActiveCfg = Debug|Win32
		{21621ABB-0833-4B1C-87D6-3F1B156F2158}.Debug|x86.Build.0 = Debug|Win32
		{21621ABB-0833-4B1C-87D6-3F1B156F2158}.Release|x64.ActiveCfg = Release|x64
		{21621ABB-0833-4B1C-87D6-3F1B156F2158}.Release|x64.Build.0 = Release|x64
		{21621ABB-0833-4B1C-87D6-3F1B156F2158}.Release|x86.ActiveCfg = Release|Win32
		{21621ABB-0833-4B1C-87D6-3F1B156F2158}.Release|x86.Build.0 = Release|Win32
		{A9AC7E2B-EB2D-4C35-8904-F9EEB4359893}.Debug|x64.ActiveCfg = Debug|x64
		{A9AC7E2B-EB2D-4C35-8904-F9EEB4359893}.Debug|x64.Build.0 = Debug|x64
		{A9AC7E2B-EB2D-4C35-8904-F9EEB4359893}.Debug|x86.ActiveCfg = Debug|Win32
		{A9AC7E2B-EB2D-4C35-8904-F9EEB4359893}.Debug|x86.Build.0 = Debug|Win32
		{A9AC7E2B-EB2D-4C35-8904-F9EEB4359893}.Release|x64.ActiveCfg = Release|x64
		{A9AC7E2B-EB2D-4C35-8904-F9EEB4359893}.Release|x64.Build.0 = Release|x64
		{A9AC7E2B-EB2D-4C35-8904-F9EEB4359893}.Release|x86.ActiveCfg = Release|Win32
		{A9AC7E2B-EB2D-4C35-8904-F9EEB4359893}.Release|x86.Build.0 = Release|Win32
		{E5BB7A0A-C892-464F-94BC-2507F54652A9}.Debug|x64.ActiveCfg = Debug|x64
		{E5BB7A0A-C892-464F-94BC-2507F54652A9}.Debug|x64.Build.0 = Debug|x64
		{E5BB7A0A-C892-464F-94BC-2507F54652A9}.Debug|x86.ActiveCfg = Debug|Win32
		{E5BB7A0A-C892-464F-94BC-2507F54652A9}.Debug|x86.Build.0 = Debug|Win32
		{E5BB7A0A-C892-464F-94BC-2507F54652A9}.Release|x64.ActiveCfg = Release|x64
		{E5BB7A0A-C892-464F-94BC-2507F54652A9}.Release|x64.Build.0 = Release|x64
		{E5BB7A0A-C892-464F-94BC-2507F54652A9}.Release|x86.ActiveCfg = Release|Win32
		{E5BB7A0A-C892-464F-94BC-2507F54652A9}.Release|x86.Build.0 = Release|Win32
		{814B1C6A-3C76-4FD1-B58E-0C111CB18D75}.Debug|x64.ActiveCfg = Debug|x64
		{814B1C6A-3C76-4FD1-B58E-0C111CB18D75}.Debug|x64.Build.0 = Debug|x64
		{814B1C6A-3C76-4FD1-B58E-0C111CB18D75}.Debug|x86.ActiveCfg = Debug|Win32
		{814B1C6A-3C76-4FD1-B58E-0C111CB18D75}.Debug|x86.Build.0 = Debug|Win32
		{814B1C6A-3C76-4FD1-B58E-0C111CB18D75}.Release|x64.ActiveCfg = Release|x64
		{814B1C6A-3C76-4FD1-B58E-0C111CB18D75}.Release|x64.Build.0 = Release|x64
		{814B1C6A-3C76-4FD1-B58E-0C111CB18D75}.Release|x86.ActiveCfg = Release|Win32
		{814B1C6A-3C76-4FD1-B58E-0C111CB18D75}.Release|x86.Build.0 = Release|Win32
		{4BAA9606-9B6D-4C50-A688-8901D0F68416}.Debug|x64.ActiveCfg = Debug|x64
		{4BAA9606-9B6D-4C50-A688-8901D0F68416}.Debug|x64.Build.0 = Debug|x64
		{4BAA9606-9B6D-4C50-A688-8901D0F68416}.Debug|x86.ActiveCfg = Debug|Win32
		{4BAA9606-9B6D-4C50-A688-8901D0F68416}.Debug|x86.Build.0 = Debug|Win32
		{4BAA9606-9B6D-4C50-A688-8901D0F68416}.Release|x64.ActiveCfg = Release|x64
		{4BAA9606-9B6D-4C50-A688-8901D0F68416}.Release|x64.Build.0 = Release|x64
		{4BAA9606-9B6D-4C50-A688-8901D0F68416}.Release|x86.ActiveCfg = Release|Win32
		{4BAA9606-9B6D-4C50-A688-8901D0F68416}.Release|x86.Build.0 = Release|Win32
		{29F86678-B5F0-49DB-AD17-72E5DE3C6D02}.Debug|x64.ActiveCfg = Debug|x64
		{29F86678-B5F0-49DB-AD17-72E5DE3C6D02}.Debug|x64.Build.0 = Debug|x64
		{29F86678-B5F0-49DB-AD17-72E5DE3C6D02}.Debug|x86.ActiveCfg = Debug|Win32
		{29F86678-B5F0-49DB-AD17-72E5DE3C6D02}.Debug|x86.Build.0 = Debug|Win32
		{29F86678-B5F0-49DB-AD17-72E5DE3C6D02}.Release|x64.ActiveCfg = Release|x64
		{29F86678-B5F0-49DB-AD17-72E5DE3C6D02}.Release|x64.Build.0 = Release|x64
		{29F86678-B5F0-49DB-AD17-72E5DE3C6D02}.Release|x86.ActiveCfg = Release|Win32
		{29F86678-B5F0-49DB-AD17-72E5DE3C6D02}.Release|x86.Build.0 = Release|Win32
		{4D745F3E-F45A-4DB8-88F3-B9E6A3040131}.Debug|x64.ActiveCfg = Debug|x64
		{4D745F3E-F45A-4DB8-88F3-B9E6A3040131}.Debug|x64.Build.0 = Debug|x64
		{4D745F3E-F45A-4DB8-88F3-B9E6A3040131}.Debug|x86.ActiveCfg = Debug|Win32
		{4D745F3E-F45A-4DB8-88F3-B9E6A3040131}.Debug|x86.Build.0 = Debug|Win32
		{4D745F3E-F45A-4DB8-88F3-B9E6A3040131}.Release|x64.ActiveCfg = Release|x64
		{4D745F3E-F45A-4DB8-88F3-B9E6A3040131}.Release|x64.Build.0 = Release|x64
		{4D745F3E-F45A-4DB8-88F3-B9E6A3040131}.Release|x86.ActiveCfg = Release|Win32
		{4D745F3E-F45A-4DB8-88F3-B9E6A3040131}.Release|x86.Build.0 = Release|Win32
		{AC4E2620-EE47-4908-88E7-64F1AFF73599}.Debug|x64.ActiveCfg = Debug|x64
		{AC4E2620-EE47-4908-88E7-64F1AFF73599}.Debug|x64.Build.0 = Debug|x64
		{AC4E2620-EE47-4908-88E7-64F1AFF73599}.Debug|x86.ActiveCfg = Debug|Win32
		{AC4E2620-EE47-4908-88E7-64F1AFF73599}.Debug|x86.Build.0 = Debug|Win32
		{AC4E2620-EE47-4908-88E7-64F1AFF73599}.Release|x64.ActiveCfg = Release|x64
		{AC4E2620-EE47-4908-88E7-64F1AFF73599}.Release|x64.Build.0 = Release|x64
		{AC4E2620-EE47-4908-88E7-64F1AFF73599}.Release|x86.ActiveCfg = Release|Win32
		{AC4E2620-EE47-4908-88E7-64F1AFF73599}.Release|x86.Build.0 = Release|Win32
		{E402A08D-4EFD-4642-832A-EC2B9E36F23E}.Debug|x64.ActiveCfg = Debug|x64
		{E402A08D-4EFD-4642-832A-EC2B9E36F23E}.Debug|x64.Build.0 = Debug|x64
		{E402A08D-4EFD-4642-832A-EC2B9E36F23E}.Debug|x86.ActiveCfg = Debug|Win32
		{E402A08D-4EFD-4642-832A-EC2B9E36F23E}.Debug|x86.Build.0 = Debug|Win32
		{E402A08D-4EFD-4642-832A-EC2B9E36F23E}.Release|x64.ActiveCfg = Release|x64
		{E402A08D-4EFD-4642-832A-EC2B9E36F23E}.Release|x64.Build.0 = Release|x64
		{E402A08D-4EFD-4642-832A-EC2B9E36F23E}.Release|x86.ActiveCfg = Release|Win32
		{E402A08D-4EFD-4642-832A-EC2B9E36F23E}.Release|x86.Build.0 = Release|Win32
		{3A22D5F5-2820-415D-8E75-5027D6F7E094}.Debug|x64.ActiveCfg = Debug|x64
		{3A22D5F5-2820-415D-8E75-5027D6F7E094}.Debug|x64.Build.0 = Debug|x64
		{3A22D5F5-2820-415D-8E75-5027D6F7E094}.Debug|x86.ActiveCfg = Debug|Win32
		{3A22D5F5-2820-415D-8E75-5027D6F7E094}.Debug|x86.Build.0 = Debug|Win32
		{3A22D5F5-2820-415D-8E75-5027D6F7E094}.Release|x64.ActiveCfg = Release|x64
		{3A22D5F5-2820-415D-8E75-5027D6F7E094}.Release|x64.Build.0 = Release|x64
		{3A22D5F5-2820-415D-8E75-5027D6F7E094}.Release|x86.ActiveCfg = Release|Win32
		{3A22D5F5-2820-415D-8E75-5027D6F7E094}.Release|x86.Build.0 = Release|Win32
		{6D6D2A3F-441F-41F1-B37E-84EDC30D0C43}.Debug|x64.ActiveCfg = Debug|x64
		{6D6D2A3F-441F-41F1-B37E-84EDC30D0C43}.Debug|x64.Build.0 = Debug|x64
		{6D6D2A3F-441F-41F1-B37E-84EDC30D0C43}.Debug|x86.ActiveCfg = Debug|Win32
		{6D6D2A3F-441F-41F1-B37E-84EDC30D0C43}.Debug|x86.Build.0 = Debug|Win32
		{6D6D2A3F-441F-41F1-B37E-84EDC30D0C43}.Release|x64.ActiveCfg = Release|x64
		{6D6D2A3F-441F-41F1-B37E-84EDC30D0C43}.Release|x64.Build.0 = Release|x64
		{6D6D2A3F-441F-41F1-B37E-84EDC30D0C43}.Release|x86.ActiveCfg = Release|Win32
		{6D6D2A3F-441F-41F1-B37E-84EDC30D0C43}.Release|x86.Build.0 = Release|Win32
		{D1D92EE0-AB0B-4688-A41E-EDED9E9346E2}.Debug|x64.ActiveCfg = Debug|x64
		{D1D92EE0-AB0B-4688-A41E-EDED9E9346E2}.Debug|x64.Build.0 = Debug|x64
		{D1D92EE0-AB0B-4688-A41E-EDED9E9346E2}.Debug|x86.ActiveCfg = Debug|Win32
		{D1D92EE0-AB0B-4688-A41E-EDED9E9346E2}.Debug|x86.Build.0 = Debug|Win32
		{D1D92EE0-AB0B-4688-A41E-EDED9E9346E2}.Release|x64.ActiveCfg = Release|x64
		{D1D92EE0-AB0B-4688-A41E-EDED9E9346E2}.Release|x64.Build.0 = Release|x64
		{D1D92EE0-AB0B-4688-A41E-EDED9E9346E2}.Release|x86.ActiveCfg = Release|Win32
		{D1D92EE0-AB0B-4688-A41E-EDED9E9346E2}.Release|x86.Build.0 = Release|Win32
		{A3A3E563-61FA-4FAF-8EBC-307956BB7441}.Debug|x64.ActiveCfg = Debug|x64
		{A3A3E563-61FA-4FAF-8EBC-307956BB7441}.Debug|x64.Build.0 = Debug|x64
		{A3A3E563-61FA-4FAF-8EBC-307956BB7441}.Debug|x86.ActiveCfg = Debug|Win32
		{A3A3E563-61FA-4FAF-8EBC-307956BB7441}.Debug|x86.Build.0 = Debug|Win32
		{A3A3E563-61FA-4FAF-8EBC-307956BB7441}.Release|x64.ActiveCfg = Release|x64
		{A3A3E563-61FA-4FAF-8EBC-307956BB7441}.Release|x64.Build.0 = Release|x64
		{A3A3E563-61FA-4FAF-8EBC-307956BB7441}.Release|x86.ActiveCfg = Release|Win32
		{A3A3E563-61FA-4FAF-8EBC-307956BB7441}.Release|x86.Build.0 = Release|Win32
	EndGlobalSection
	GlobalSection(SolutionProperties) = preSolution
		HideSolutionNode = FALSE
	EndGlobalSection
EndGlobal
